
Microsoft Visual Studio Solution File, Format Version 12.00
# Visual Studio Version 16
VisualStudioVersion = 16.0.30114.105
MinimumVisualStudioVersion = 10.0.40219.1
Project("{FAE04EC0-301F-11D3-BF4B-00C04F79EFBC}") = "MyNet6Demo.Api", "MyNet6Demo.Api\MyNet6Demo.Api.csproj", "{D79D7071-68F8-4C66-A877-8387CB0469AD}"
EndProject
Project("{FAE04EC0-301F-11D3-BF4B-00C04F79EFBC}") = "MyNet6Demo.Api.Tests.UnitTest", "MyNet6Demo.Api.Tests.UnitTest\MyNet6Demo.Api.Tests.UnitTest.csproj", "{C5892AE4-B3CF-429B-AF92-1351A1BD1913}"
EndProject
Project("{FAE04EC0-301F-11D3-BF4B-00C04F79EFBC}") = "MyNet6Demo.Api.Tests.Functional", "MyNet6Demo.Api.Tests.Functional\MyNet6Demo.Api.Tests.Functional.csproj", "{588F0669-FBBA-4903-A687-A82E210E97C1}"
EndProject
Global
	GlobalSection(SolutionConfigurationPlatforms) = preSolution
		Debug|Any CPU = Debug|Any CPU
		Release|Any CPU = Release|Any CPU
	EndGlobalSection
	GlobalSection(SolutionProperties) = preSolution
		HideSolutionNode = FALSE
	EndGlobalSection
	GlobalSection(ProjectConfigurationPlatforms) = postSolution
		{D79D7071-68F8-4C66-A877-8387CB0469AD}.Debug|Any CPU.ActiveCfg = Debug|Any CPU
		{D79D7071-68F8-4C66-A877-8387CB0469AD}.Debug|Any CPU.Build.0 = Debug|Any CPU
		{D79D7071-68F8-4C66-A877-8387CB0469AD}.Release|Any CPU.ActiveCfg = Release|Any CPU
		{D79D7071-68F8-4C66-A877-8387CB0469AD}.Release|Any CPU.Build.0 = Release|Any CPU
		{A20698AA-0FFC-4B83-AD06-057589131239}.Debug|Any CPU.ActiveCfg = Debug|Any CPU
		{A20698AA-0FFC-4B83-AD06-057589131239}.Debug|Any CPU.Build.0 = Debug|Any CPU
		{A20698AA-0FFC-4B83-AD06-057589131239}.Release|Any CPU.ActiveCfg = Release|Any CPU
		{A20698AA-0FFC-4B83-AD06-057589131239}.Release|Any CPU.Build.0 = Release|Any CPU
		{12590F1F-1EE0-4B38-9334-24B2B93EDF22}.Debug|Any CPU.ActiveCfg = Debug|Any CPU
		{12590F1F-1EE0-4B38-9334-24B2B93EDF22}.Debug|Any CPU.Build.0 = Debug|Any CPU
		{12590F1F-1EE0-4B38-9334-24B2B93EDF22}.Release|Any CPU.ActiveCfg = Release|Any CPU
		{12590F1F-1EE0-4B38-9334-24B2B93EDF22}.Release|Any CPU.Build.0 = Release|Any CPU
		{C5892AE4-B3CF-429B-AF92-1351A1BD1913}.Debug|Any CPU.ActiveCfg = Debug|Any CPU
		{C5892AE4-B3CF-429B-AF92-1351A1BD1913}.Debug|Any CPU.Build.0 = Debug|Any CPU
		{C5892AE4-B3CF-429B-AF92-1351A1BD1913}.Release|Any CPU.ActiveCfg = Release|Any CPU
		{C5892AE4-B3CF-429B-AF92-1351A1BD1913}.Release|Any CPU.Build.0 = Release|Any CPU
		{588F0669-FBBA-4903-A687-A82E210E97C1}.Debug|Any CPU.ActiveCfg = Debug|Any CPU
		{588F0669-FBBA-4903-A687-A82E210E97C1}.Debug|Any CPU.Build.0 = Debug|Any CPU
		{588F0669-FBBA-4903-A687-A82E210E97C1}.Release|Any CPU.ActiveCfg = Release|Any CPU
		{588F0669-FBBA-4903-A687-A82E210E97C1}.Release|Any CPU.Build.0 = Release|Any CPU
	EndGlobalSection
EndGlobal
